// !$*UTF8*$!
{
	archiveVersion = 1;
	classes = {
	};
	objectVersion = 48;
	objects = {

/* Begin PBXBuildFile section */
		1A8FE4C2201877220032D1D3 /* AppDelegate.m in Sources */ = {isa = PBXBuildFile; fileRef = 1A8FE4C1201877220032D1D3 /* AppDelegate.m */; };
		1A8FE4C5201877220032D1D3 /* ViewController.m in Sources */ = {isa = PBXBuildFile; fileRef = 1A8FE4C4201877220032D1D3 /* ViewController.m */; };
		1A8FE4C8201877220032D1D3 /* Main.storyboard in Resources */ = {isa = PBXBuildFile; fileRef = 1A8FE4C6201877220032D1D3 /* Main.storyboard */; };
		1A8FE4CA201877220032D1D3 /* Assets.xcassets in Resources */ = {isa = PBXBuildFile; fileRef = 1A8FE4C9201877220032D1D3 /* Assets.xcassets */; };
		1A8FE4CD201877220032D1D3 /* LaunchScreen.storyboard in Resources */ = {isa = PBXBuildFile; fileRef = 1A8FE4CB201877220032D1D3 /* LaunchScreen.storyboard */; };
		1A8FE4D0201877220032D1D3 /* main.m in Sources */ = {isa = PBXBuildFile; fileRef = 1A8FE4CF201877220032D1D3 /* main.m */; };
		1A8FE4DA201877220032D1D3 /* WCTTabBarTests.m in Sources */ = {isa = PBXBuildFile; fileRef = 1A8FE4D9201877220032D1D3 /* WCTTabBarTests.m */; };
		1A8FE4E5201877220032D1D3 /* WCTTabBarUITests.m in Sources */ = {isa = PBXBuildFile; fileRef = 1A8FE4E4201877220032D1D3 /* WCTTabBarUITests.m */; };
		1A8FE4FE2018894B0032D1D3 /* CYCenterButton.m in Sources */ = {isa = PBXBuildFile; fileRef = 1A8FE4F62018894B0032D1D3 /* CYCenterButton.m */; };
		1A8FE4FF2018894B0032D1D3 /* CYTabBarConfig.m in Sources */ = {isa = PBXBuildFile; fileRef = 1A8FE4F72018894B0032D1D3 /* CYTabBarConfig.m */; };
		1A8FE5002018894B0032D1D3 /* CYTabBar.m in Sources */ = {isa = PBXBuildFile; fileRef = 1A8FE4F82018894B0032D1D3 /* CYTabBar.m */; };
		1A8FE5012018894B0032D1D3 /* CYButton.m in Sources */ = {isa = PBXBuildFile; fileRef = 1A8FE4F92018894B0032D1D3 /* CYButton.m */; };
		1A8FE52120188BC70032D1D3 /* UIButton+CustomButton.m in Sources */ = {isa = PBXBuildFile; fileRef = 1A8FE50320188BC60032D1D3 /* UIButton+CustomButton.m */; };
		1A8FE52220188BC70032D1D3 /* UITextView+InputLimit.m in Sources */ = {isa = PBXBuildFile; fileRef = 1A8FE50420188BC60032D1D3 /* UITextView+InputLimit.m */; };
		1A8FE52320188BC70032D1D3 /* UILabel+CustomLabel.m in Sources */ = {isa = PBXBuildFile; fileRef = 1A8FE50720188BC70032D1D3 /* UILabel+CustomLabel.m */; };
		1A8FE52420188BC70032D1D3 /* UIView+Border.m in Sources */ = {isa = PBXBuildFile; fileRef = 1A8FE50820188BC70032D1D3 /* UIView+Border.m */; };
		1A8FE52520188BC70032D1D3 /* UIScrollView+ScalableCover.m in Sources */ = {isa = PBXBuildFile; fileRef = 1A8FE50A20188BC70032D1D3 /* UIScrollView+ScalableCover.m */; };
		1A8FE52620188BC70032D1D3 /* UIImage+ChangeTint.m in Sources */ = {isa = PBXBuildFile; fileRef = 1A8FE50B20188BC70032D1D3 /* UIImage+ChangeTint.m */; };
		1A8FE52720188BC70032D1D3 /* UITextField+CustomTextField.m in Sources */ = {isa = PBXBuildFile; fileRef = 1A8FE50C20188BC70032D1D3 /* UITextField+CustomTextField.m */; };
		1A8FE52820188BC70032D1D3 /* UITextField+InputLimit.m in Sources */ = {isa = PBXBuildFile; fileRef = 1A8FE50D20188BC70032D1D3 /* UITextField+InputLimit.m */; };
		1A8FE52920188BC70032D1D3 /* UITextView+Placeholder.m in Sources */ = {isa = PBXBuildFile; fileRef = 1A8FE50E20188BC70032D1D3 /* UITextView+Placeholder.m */; };
		1A8FE52A20188BC70032D1D3 /* UIViewController+Message.m in Sources */ = {isa = PBXBuildFile; fileRef = 1A8FE51120188BC70032D1D3 /* UIViewController+Message.m */; };
		1A8FE52B20188BC70032D1D3 /* NSString+Common.m in Sources */ = {isa = PBXBuildFile; fileRef = 1A8FE51220188BC70032D1D3 /* NSString+Common.m */; };
		1A8FE52C20188BC70032D1D3 /* UITableView+SeparatorInsetEdge.m in Sources */ = {isa = PBXBuildFile; fileRef = 1A8FE51420188BC70032D1D3 /* UITableView+SeparatorInsetEdge.m */; };
		1A8FE52D20188BC70032D1D3 /* UIImage+ImageWithColor.m in Sources */ = {isa = PBXBuildFile; fileRef = 1A8FE51620188BC70032D1D3 /* UIImage+ImageWithColor.m */; };
		1A8FE52E20188BC70032D1D3 /* UIButton+TouchAreaInsets.m in Sources */ = {isa = PBXBuildFile; fileRef = 1A8FE51C20188BC70032D1D3 /* UIButton+TouchAreaInsets.m */; };
		1A8FE52F20188BC70032D1D3 /* UIView+Extension.m in Sources */ = {isa = PBXBuildFile; fileRef = 1A8FE52020188BC70032D1D3 /* UIView+Extension.m */; };
		1A8FE534201891430032D1D3 /* KMMTabBarController.m in Sources */ = {isa = PBXBuildFile; fileRef = 1A8FE533201891430032D1D3 /* KMMTabBarController.m */; };
		1A8FE537201891630032D1D3 /* KMMTabBar.m in Sources */ = {isa = PBXBuildFile; fileRef = 1A8FE535201891630032D1D3 /* KMMTabBar.m */; };
		1A8FE53A201891AE0032D1D3 /* KMMArcView.m in Sources */ = {isa = PBXBuildFile; fileRef = 1A8FE539201891AE0032D1D3 /* KMMArcView.m */; };
		1AE3A39E2019D2B6000D5F96 /* FirstViewController.m in Sources */ = {isa = PBXBuildFile; fileRef = 1AE3A39D2019D2B6000D5F96 /* FirstViewController.m */; };
		1AE3A3A12019D2BF000D5F96 /* SecondViewController.m in Sources */ = {isa = PBXBuildFile; fileRef = 1AE3A3A02019D2BF000D5F96 /* SecondViewController.m */; };
		1AE3A3A42019D2C9000D5F96 /* ThirdViewController.m in Sources */ = {isa = PBXBuildFile; fileRef = 1AE3A3A32019D2C9000D5F96 /* ThirdViewController.m */; };
		1AE3A3A72019DA68000D5F96 /* KMMHomeViewController.m in Sources */ = {isa = PBXBuildFile; fileRef = 1AE3A3A62019DA68000D5F96 /* KMMHomeViewController.m */; };
		1AE3A3AA2019DA79000D5F96 /* KMMTempController.m in Sources */ = {isa = PBXBuildFile; fileRef = 1AE3A3A92019DA79000D5F96 /* KMMTempController.m */; };
		1AE3A3AD2019DAA5000D5F96 /* KMMeViewController.m in Sources */ = {isa = PBXBuildFile; fileRef = 1AE3A3AC2019DAA5000D5F96 /* KMMeViewController.m */; };
		C5AEB605BC713244DAA098F3 /* libPods-WCTTabBar.a in Frameworks */ = {isa = PBXBuildFile; fileRef = 5A7898AA940D35FA2F158DDD /* libPods-WCTTabBar.a */; };
/* End PBXBuildFile section */

/* Begin PBXContainerItemProxy section */
		1A8FE4D6201877220032D1D3 /* PBXContainerItemProxy */ = {
			isa = PBXContainerItemProxy;
			containerPortal = 1A8FE4B5201877220032D1D3 /* Project object */;
			proxyType = 1;
			remoteGlobalIDString = 1A8FE4BC201877220032D1D3;
			remoteInfo = WCTTabBar;
		};
		1A8FE4E1201877220032D1D3 /* PBXContainerItemProxy */ = {
			isa = PBXContainerItemProxy;
			containerPortal = 1A8FE4B5201877220032D1D3 /* Project object */;
			proxyType = 1;
			remoteGlobalIDString = 1A8FE4BC201877220032D1D3;
			remoteInfo = WCTTabBar;
		};
/* End PBXContainerItemProxy section */

/* Begin PBXFileReference section */
		14FF3D5BD70A8574B8104123 /* Pods-WCTTabBar.release.xcconfig */ = {isa = PBXFileReference; includeInIndex = 1; lastKnownFileType = text.xcconfig; name = "Pods-WCTTabBar.release.xcconfig"; path = "Pods/Target Support Files/Pods-WCTTabBar/Pods-WCTTabBar.release.xcconfig"; sourceTree = "<group>"; };
		1A8FE4BD201877220032D1D3 /* WCTTabBar.app */ = {isa = PBXFileReference; explicitFileType = wrapper.application; includeInIndex = 0; path = WCTTabBar.app; sourceTree = BUILT_PRODUCTS_DIR; };
		1A8FE4C0201877220032D1D3 /* AppDelegate.h */ = {isa = PBXFileReference; lastKnownFileType = sourcecode.c.h; path = AppDelegate.h; sourceTree = "<group>"; };
		1A8FE4C1201877220032D1D3 /* AppDelegate.m */ = {isa = PBXFileReference; lastKnownFileType = sourcecode.c.objc; path = AppDelegate.m; sourceTree = "<group>"; };
		1A8FE4C3201877220032D1D3 /* ViewController.h */ = {isa = PBXFileReference; lastKnownFileType = sourcecode.c.h; path = ViewController.h; sourceTree = "<group>"; };
		1A8FE4C4201877220032D1D3 /* ViewController.m */ = {isa = PBXFileReference; lastKnownFileType = sourcecode.c.objc; path = ViewController.m; sourceTree = "<group>"; };
		1A8FE4C7201877220032D1D3 /* Base */ = {isa = PBXFileReference; lastKnownFileType = file.storyboard; name = Base; path = Base.lproj/Main.storyboard; sourceTree = "<group>"; };
		1A8FE4C9201877220032D1D3 /* Assets.xcassets */ = {isa = PBXFileReference; lastKnownFileType = folder.assetcatalog; path = Assets.xcassets; sourceTree = "<group>"; };
		1A8FE4CC201877220032D1D3 /* Base */ = {isa = PBXFileReference; lastKnownFileType = file.storyboard; name = Base; path = Base.lproj/LaunchScreen.storyboard; sourceTree = "<group>"; };
		1A8FE4CE201877220032D1D3 /* Info.plist */ = {isa = PBXFileReference; lastKnownFileType = text.plist.xml; path = Info.plist; sourceTree = "<group>"; };
		1A8FE4CF201877220032D1D3 /* main.m */ = {isa = PBXFileReference; lastKnownFileType = sourcecode.c.objc; path = main.m; sourceTree = "<group>"; };
		1A8FE4D5201877220032D1D3 /* WCTTabBarTests.xctest */ = {isa = PBXFileReference; explicitFileType = wrapper.cfbundle; includeInIndex = 0; path = WCTTabBarTests.xctest; sourceTree = BUILT_PRODUCTS_DIR; };
		1A8FE4D9201877220032D1D3 /* WCTTabBarTests.m */ = {isa = PBXFileReference; lastKnownFileType = sourcecode.c.objc; path = WCTTabBarTests.m; sourceTree = "<group>"; };
		1A8FE4DB201877220032D1D3 /* Info.plist */ = {isa = PBXFileReference; lastKnownFileType = text.plist.xml; path = Info.plist; sourceTree = "<group>"; };
		1A8FE4E0201877220032D1D3 /* WCTTabBarUITests.xctest */ = {isa = PBXFileReference; explicitFileType = wrapper.cfbundle; includeInIndex = 0; path = WCTTabBarUITests.xctest; sourceTree = BUILT_PRODUCTS_DIR; };
		1A8FE4E4201877220032D1D3 /* WCTTabBarUITests.m */ = {isa = PBXFileReference; lastKnownFileType = sourcecode.c.objc; path = WCTTabBarUITests.m; sourceTree = "<group>"; };
		1A8FE4E6201877220032D1D3 /* Info.plist */ = {isa = PBXFileReference; lastKnownFileType = text.plist.xml; path = Info.plist; sourceTree = "<group>"; };
		1A8FE4F62018894B0032D1D3 /* CYCenterButton.m */ = {isa = PBXFileReference; fileEncoding = 4; lastKnownFileType = sourcecode.c.objc; path = CYCenterButton.m; sourceTree = "<group>"; };
		1A8FE4F72018894B0032D1D3 /* CYTabBarConfig.m */ = {isa = PBXFileReference; fileEncoding = 4; lastKnownFileType = sourcecode.c.objc; path = CYTabBarConfig.m; sourceTree = "<group>"; };
		1A8FE4F82018894B0032D1D3 /* CYTabBar.m */ = {isa = PBXFileReference; fileEncoding = 4; lastKnownFileType = sourcecode.c.objc; path = CYTabBar.m; sourceTree = "<group>"; };
		1A8FE4F92018894B0032D1D3 /* CYButton.m */ = {isa = PBXFileReference; fileEncoding = 4; lastKnownFileType = sourcecode.c.objc; path = CYButton.m; sourceTree = "<group>"; };
		1A8FE4FA2018894B0032D1D3 /* CYCenterButton.h */ = {isa = PBXFileReference; fileEncoding = 4; lastKnownFileType = sourcecode.c.h; path = CYCenterButton.h; sourceTree = "<group>"; };
		1A8FE4FB2018894B0032D1D3 /* CYButton.h */ = {isa = PBXFileReference; fileEncoding = 4; lastKnownFileType = sourcecode.c.h; path = CYButton.h; sourceTree = "<group>"; };
		1A8FE4FC2018894B0032D1D3 /* CYTabBar.h */ = {isa = PBXFileReference; fileEncoding = 4; lastKnownFileType = sourcecode.c.h; path = CYTabBar.h; sourceTree = "<group>"; };
		1A8FE4FD2018894B0032D1D3 /* CYTabBarConfig.h */ = {isa = PBXFileReference; fileEncoding = 4; lastKnownFileType = sourcecode.c.h; path = CYTabBarConfig.h; sourceTree = "<group>"; };
		1A8FE50320188BC60032D1D3 /* UIButton+CustomButton.m */ = {isa = PBXFileReference; fileEncoding = 4; lastKnownFileType = sourcecode.c.objc; path = "UIButton+CustomButton.m"; sourceTree = "<group>"; };
		1A8FE50420188BC60032D1D3 /* UITextView+InputLimit.m */ = {isa = PBXFileReference; fileEncoding = 4; lastKnownFileType = sourcecode.c.objc; path = "UITextView+InputLimit.m"; sourceTree = "<group>"; };
		1A8FE50520188BC70032D1D3 /* UITableView+SeparatorInsetEdge.h */ = {isa = PBXFileReference; fileEncoding = 4; lastKnownFileType = sourcecode.c.h; path = "UITableView+SeparatorInsetEdge.h"; sourceTree = "<group>"; };
		1A8FE50620188BC70032D1D3 /* NSString+Common.h */ = {isa = PBXFileReference; fileEncoding = 4; lastKnownFileType = sourcecode.c.h; path = "NSString+Common.h"; sourceTree = "<group>"; };
		1A8FE50720188BC70032D1D3 /* UILabel+CustomLabel.m */ = {isa = PBXFileReference; fileEncoding = 4; lastKnownFileType = sourcecode.c.objc; path = "UILabel+CustomLabel.m"; sourceTree = "<group>"; };
		1A8FE50820188BC70032D1D3 /* UIView+Border.m */ = {isa = PBXFileReference; fileEncoding = 4; lastKnownFileType = sourcecode.c.objc; path = "UIView+Border.m"; sourceTree = "<group>"; };
		1A8FE50920188BC70032D1D3 /* UIButton+TouchAreaInsets.h */ = {isa = PBXFileReference; fileEncoding = 4; lastKnownFileType = sourcecode.c.h; path = "UIButton+TouchAreaInsets.h"; sourceTree = "<group>"; };
		1A8FE50A20188BC70032D1D3 /* UIScrollView+ScalableCover.m */ = {isa = PBXFileReference; fileEncoding = 4; lastKnownFileType = sourcecode.c.objc; path = "UIScrollView+ScalableCover.m"; sourceTree = "<group>"; };
		1A8FE50B20188BC70032D1D3 /* UIImage+ChangeTint.m */ = {isa = PBXFileReference; fileEncoding = 4; lastKnownFileType = sourcecode.c.objc; path = "UIImage+ChangeTint.m"; sourceTree = "<group>"; };
		1A8FE50C20188BC70032D1D3 /* UITextField+CustomTextField.m */ = {isa = PBXFileReference; fileEncoding = 4; lastKnownFileType = sourcecode.c.objc; path = "UITextField+CustomTextField.m"; sourceTree = "<group>"; };
		1A8FE50D20188BC70032D1D3 /* UITextField+InputLimit.m */ = {isa = PBXFileReference; fileEncoding = 4; lastKnownFileType = sourcecode.c.objc; path = "UITextField+InputLimit.m"; sourceTree = "<group>"; };
		1A8FE50E20188BC70032D1D3 /* UITextView+Placeholder.m */ = {isa = PBXFileReference; fileEncoding = 4; lastKnownFileType = sourcecode.c.objc; path = "UITextView+Placeholder.m"; sourceTree = "<group>"; };
		1A8FE50F20188BC70032D1D3 /* UIImage+ImageWithColor.h */ = {isa = PBXFileReference; fileEncoding = 4; lastKnownFileType = sourcecode.c.h; path = "UIImage+ImageWithColor.h"; sourceTree = "<group>"; };
		1A8FE51020188BC70032D1D3 /* UIView+Extension.h */ = {isa = PBXFileReference; fileEncoding = 4; lastKnownFileType = sourcecode.c.h; path = "UIView+Extension.h"; sourceTree = "<group>"; };
		1A8FE51120188BC70032D1D3 /* UIViewController+Message.m */ = {isa = PBXFileReference; fileEncoding = 4; lastKnownFileType = sourcecode.c.objc; path = "UIViewController+Message.m"; sourceTree = "<group>"; };
		1A8FE51220188BC70032D1D3 /* NSString+Common.m */ = {isa = PBXFileReference; fileEncoding = 4; lastKnownFileType = sourcecode.c.objc; path = "NSString+Common.m"; sourceTree = "<group>"; };
		1A8FE51320188BC70032D1D3 /* UITextView+InputLimit.h */ = {isa = PBXFileReference; fileEncoding = 4; lastKnownFileType = sourcecode.c.h; path = "UITextView+InputLimit.h"; sourceTree = "<group>"; };
		1A8FE51420188BC70032D1D3 /* UITableView+SeparatorInsetEdge.m */ = {isa = PBXFileReference; fileEncoding = 4; lastKnownFileType = sourcecode.c.objc; path = "UITableView+SeparatorInsetEdge.m"; sourceTree = "<group>"; };
		1A8FE51520188BC70032D1D3 /* UIButton+CustomButton.h */ = {isa = PBXFileReference; fileEncoding = 4; lastKnownFileType = sourcecode.c.h; path = "UIButton+CustomButton.h"; sourceTree = "<group>"; };
		1A8FE51620188BC70032D1D3 /* UIImage+ImageWithColor.m */ = {isa = PBXFileReference; fileEncoding = 4; lastKnownFileType = sourcecode.c.objc; path = "UIImage+ImageWithColor.m"; sourceTree = "<group>"; };
		1A8FE51720188BC70032D1D3 /* UITextView+Placeholder.h */ = {isa = PBXFileReference; fileEncoding = 4; lastKnownFileType = sourcecode.c.h; path = "UITextView+Placeholder.h"; sourceTree = "<group>"; };
		1A8FE51820188BC70032D1D3 /* UITextField+InputLimit.h */ = {isa = PBXFileReference; fileEncoding = 4; lastKnownFileType = sourcecode.c.h; path = "UITextField+InputLimit.h"; sourceTree = "<group>"; };
		1A8FE51920188BC70032D1D3 /* UITextField+CustomTextField.h */ = {isa = PBXFileReference; fileEncoding = 4; lastKnownFileType = sourcecode.c.h; path = "UITextField+CustomTextField.h"; sourceTree = "<group>"; };
		1A8FE51A20188BC70032D1D3 /* UIScrollView+ScalableCover.h */ = {isa = PBXFileReference; fileEncoding = 4; lastKnownFileType = sourcecode.c.h; path = "UIScrollView+ScalableCover.h"; sourceTree = "<group>"; };
		1A8FE51B20188BC70032D1D3 /* UIImage+ChangeTint.h */ = {isa = PBXFileReference; fileEncoding = 4; lastKnownFileType = sourcecode.c.h; path = "UIImage+ChangeTint.h"; sourceTree = "<group>"; };
		1A8FE51C20188BC70032D1D3 /* UIButton+TouchAreaInsets.m */ = {isa = PBXFileReference; fileEncoding = 4; lastKnownFileType = sourcecode.c.objc; path = "UIButton+TouchAreaInsets.m"; sourceTree = "<group>"; };
		1A8FE51D20188BC70032D1D3 /* UIView+Border.h */ = {isa = PBXFileReference; fileEncoding = 4; lastKnownFileType = sourcecode.c.h; path = "UIView+Border.h"; sourceTree = "<group>"; };
		1A8FE51E20188BC70032D1D3 /* UILabel+CustomLabel.h */ = {isa = PBXFileReference; fileEncoding = 4; lastKnownFileType = sourcecode.c.h; path = "UILabel+CustomLabel.h"; sourceTree = "<group>"; };
		1A8FE51F20188BC70032D1D3 /* UIViewController+Message.h */ = {isa = PBXFileReference; fileEncoding = 4; lastKnownFileType = sourcecode.c.h; path = "UIViewController+Message.h"; sourceTree = "<group>"; };
		1A8FE52020188BC70032D1D3 /* UIView+Extension.m */ = {isa = PBXFileReference; fileEncoding = 4; lastKnownFileType = sourcecode.c.objc; path = "UIView+Extension.m"; sourceTree = "<group>"; };
		1A8FE53120188F730032D1D3 /* Main.pch */ = {isa = PBXFileReference; lastKnownFileType = sourcecode.c.h; path = Main.pch; sourceTree = "<group>"; };
		1A8FE532201891430032D1D3 /* KMMTabBarController.h */ = {isa = PBXFileReference; fileEncoding = 4; lastKnownFileType = sourcecode.c.h; path = KMMTabBarController.h; sourceTree = "<group>"; };
		1A8FE533201891430032D1D3 /* KMMTabBarController.m */ = {isa = PBXFileReference; fileEncoding = 4; lastKnownFileType = sourcecode.c.objc; path = KMMTabBarController.m; sourceTree = "<group>"; };
		1A8FE535201891630032D1D3 /* KMMTabBar.m */ = {isa = PBXFileReference; fileEncoding = 4; lastKnownFileType = sourcecode.c.objc; path = KMMTabBar.m; sourceTree = "<group>"; };
		1A8FE536201891630032D1D3 /* KMMTabBar.h */ = {isa = PBXFileReference; fileEncoding = 4; lastKnownFileType = sourcecode.c.h; path = KMMTabBar.h; sourceTree = "<group>"; };
		1A8FE538201891AE0032D1D3 /* KMMArcView.h */ = {isa = PBXFileReference; fileEncoding = 4; lastKnownFileType = sourcecode.c.h; path = KMMArcView.h; sourceTree = "<group>"; };
		1A8FE539201891AE0032D1D3 /* KMMArcView.m */ = {isa = PBXFileReference; fileEncoding = 4; lastKnownFileType = sourcecode.c.objc; path = KMMArcView.m; sourceTree = "<group>"; };
		1AE3A39C2019D2B6000D5F96 /* FirstViewController.h */ = {isa = PBXFileReference; lastKnownFileType = sourcecode.c.h; path = FirstViewController.h; sourceTree = "<group>"; };
		1AE3A39D2019D2B6000D5F96 /* FirstViewController.m */ = {isa = PBXFileReference; lastKnownFileType = sourcecode.c.objc; path = FirstViewController.m; sourceTree = "<group>"; };
		1AE3A39F2019D2BF000D5F96 /* SecondViewController.h */ = {isa = PBXFileReference; lastKnownFileType = sourcecode.c.h; path = SecondViewController.h; sourceTree = "<group>"; };
		1AE3A3A02019D2BF000D5F96 /* SecondViewController.m */ = {isa = PBXFileReference; lastKnownFileType = sourcecode.c.objc; path = SecondViewController.m; sourceTree = "<group>"; };
		1AE3A3A22019D2C9000D5F96 /* ThirdViewController.h */ = {isa = PBXFileReference; lastKnownFileType = sourcecode.c.h; path = ThirdViewController.h; sourceTree = "<group>"; };
		1AE3A3A32019D2C9000D5F96 /* ThirdViewController.m */ = {isa = PBXFileReference; lastKnownFileType = sourcecode.c.objc; path = ThirdViewController.m; sourceTree = "<group>"; };
		1AE3A3A52019DA68000D5F96 /* KMMHomeViewController.h */ = {isa = PBXFileReference; lastKnownFileType = sourcecode.c.h; path = KMMHomeViewController.h; sourceTree = "<group>"; };
		1AE3A3A62019DA68000D5F96 /* KMMHomeViewController.m */ = {isa = PBXFileReference; lastKnownFileType = sourcecode.c.objc; path = KMMHomeViewController.m; sourceTree = "<group>"; };
		1AE3A3A82019DA79000D5F96 /* KMMTempController.h */ = {isa = PBXFileReference; lastKnownFileType = sourcecode.c.h; path = KMMTempController.h; sourceTree = "<group>"; };
		1AE3A3A92019DA79000D5F96 /* KMMTempController.m */ = {isa = PBXFileReference; lastKnownFileType = sourcecode.c.objc; path = KMMTempController.m; sourceTree = "<group>"; };
		1AE3A3AB2019DAA5000D5F96 /* KMMeViewController.h */ = {isa = PBXFileReference; lastKnownFileType = sourcecode.c.h; path = KMMeViewController.h; sourceTree = "<group>"; };
		1AE3A3AC2019DAA5000D5F96 /* KMMeViewController.m */ = {isa = PBXFileReference; lastKnownFileType = sourcecode.c.objc; path = KMMeViewController.m; sourceTree = "<group>"; };
		5A7898AA940D35FA2F158DDD /* libPods-WCTTabBar.a */ = {isa = PBXFileReference; explicitFileType = archive.ar; includeInIndex = 0; path = "libPods-WCTTabBar.a"; sourceTree = BUILT_PRODUCTS_DIR; };
		A112C72184CEBF0AE52C0AF4 /* Pods-WCTTabBar.debug.xcconfig */ = {isa = PBXFileReference; includeInIndex = 1; lastKnownFileType = text.xcconfig; name = "Pods-WCTTabBar.debug.xcconfig"; path = "Pods/Target Support Files/Pods-WCTTabBar/Pods-WCTTabBar.debug.xcconfig"; sourceTree = "<group>"; };
/* End PBXFileReference section */

/* Begin PBXFrameworksBuildPhase section */
		1A8FE4BA201877220032D1D3 /* Frameworks */ = {
			isa = PBXFrameworksBuildPhase;
			buildActionMask = 2147483647;
			files = (
				C5AEB605BC713244DAA098F3 /* libPods-WCTTabBar.a in Frameworks */,
			);
			runOnlyForDeploymentPostprocessing = 0;
		};
		1A8FE4D2201877220032D1D3 /* Frameworks */ = {
			isa = PBXFrameworksBuildPhase;
			buildActionMask = 2147483647;
			files = (
			);
			runOnlyForDeploymentPostprocessing = 0;
		};
		1A8FE4DD201877220032D1D3 /* Frameworks */ = {
			isa = PBXFrameworksBuildPhase;
			buildActionMask = 2147483647;
			files = (
			);
			runOnlyForDeploymentPostprocessing = 0;
		};
/* End PBXFrameworksBuildPhase section */

/* Begin PBXGroup section */
		1A8FE4B4201877220032D1D3 = {
			isa = PBXGroup;
			children = (
				1A8FE4BF201877220032D1D3 /* WCTTabBar */,
				1A8FE4D8201877220032D1D3 /* WCTTabBarTests */,
				1A8FE4E3201877220032D1D3 /* WCTTabBarUITests */,
				1A8FE4BE201877220032D1D3 /* Products */,
				F311FCBDFED63EB987996936 /* Pods */,
				206A61CC8BE3D8BB61F987DD /* Frameworks */,
			);
			sourceTree = "<group>";
		};
		1A8FE4BE201877220032D1D3 /* Products */ = {
			isa = PBXGroup;
			children = (
				1A8FE4BD201877220032D1D3 /* WCTTabBar.app */,
				1A8FE4D5201877220032D1D3 /* WCTTabBarTests.xctest */,
				1A8FE4E0201877220032D1D3 /* WCTTabBarUITests.xctest */,
			);
			name = Products;
			sourceTree = "<group>";
		};
		1A8FE4BF201877220032D1D3 /* WCTTabBar */ = {
			isa = PBXGroup;
			children = (
				1A8FE4C0201877220032D1D3 /* AppDelegate.h */,
				1A8FE4C1201877220032D1D3 /* AppDelegate.m */,
				1A8FE4C3201877220032D1D3 /* ViewController.h */,
				1A8FE4C4201877220032D1D3 /* ViewController.m */,
				1AE3A39F2019D2BF000D5F96 /* SecondViewController.h */,
				1AE3A3A02019D2BF000D5F96 /* SecondViewController.m */,
				1AE3A39C2019D2B6000D5F96 /* FirstViewController.h */,
				1AE3A39D2019D2B6000D5F96 /* FirstViewController.m */,
				1AE3A3A22019D2C9000D5F96 /* ThirdViewController.h */,
				1AE3A3A32019D2C9000D5F96 /* ThirdViewController.m */,
				1AE3A3A52019DA68000D5F96 /* KMMHomeViewController.h */,
				1AE3A3A62019DA68000D5F96 /* KMMHomeViewController.m */,
				1AE3A3A82019DA79000D5F96 /* KMMTempController.h */,
				1AE3A3A92019DA79000D5F96 /* KMMTempController.m */,
				1AE3A3AB2019DAA5000D5F96 /* KMMeViewController.h */,
				1AE3A3AC2019DAA5000D5F96 /* KMMeViewController.m */,
				1AE3A39B2019D284000D5F96 /* TabBar */,
				1A8FE50220188BC60032D1D3 /* UICategory */,
				1A8FE4F52018894B0032D1D3 /* tabbar */,
				1A8FE4C6201877220032D1D3 /* Main.storyboard */,
				1A8FE4C9201877220032D1D3 /* Assets.xcassets */,
				1A8FE4CB201877220032D1D3 /* LaunchScreen.storyboard */,
				1A8FE4CE201877220032D1D3 /* Info.plist */,
				1A8FE4CF201877220032D1D3 /* main.m */,
				1A8FE53120188F730032D1D3 /* Main.pch */,
			);
			path = WCTTabBar;
			sourceTree = "<group>";
		};
		1A8FE4D8201877220032D1D3 /* WCTTabBarTests */ = {
			isa = PBXGroup;
			children = (
				1A8FE4D9201877220032D1D3 /* WCTTabBarTests.m */,
				1A8FE4DB201877220032D1D3 /* Info.plist */,
			);
			path = WCTTabBarTests;
			sourceTree = "<group>";
		};
		1A8FE4E3201877220032D1D3 /* WCTTabBarUITests */ = {
			isa = PBXGroup;
			children = (
				1A8FE4E4201877220032D1D3 /* WCTTabBarUITests.m */,
				1A8FE4E6201877220032D1D3 /* Info.plist */,
			);
			path = WCTTabBarUITests;
			sourceTree = "<group>";
		};
		1A8FE4F52018894B0032D1D3 /* tabbar */ = {
			isa = PBXGroup;
			children = (
				1A8FE4FA2018894B0032D1D3 /* CYCenterButton.h */,
				1A8FE4F62018894B0032D1D3 /* CYCenterButton.m */,
				1A8FE4FD2018894B0032D1D3 /* CYTabBarConfig.h */,
				1A8FE4F72018894B0032D1D3 /* CYTabBarConfig.m */,
				1A8FE4FC2018894B0032D1D3 /* CYTabBar.h */,
				1A8FE4F82018894B0032D1D3 /* CYTabBar.m */,
				1A8FE4FB2018894B0032D1D3 /* CYButton.h */,
				1A8FE4F92018894B0032D1D3 /* CYButton.m */,
			);
			path = tabbar;
			sourceTree = "<group>";
		};
		1A8FE50220188BC60032D1D3 /* UICategory */ = {
			isa = PBXGroup;
			children = (
				1A8FE50320188BC60032D1D3 /* UIButton+CustomButton.m */,
				1A8FE50420188BC60032D1D3 /* UITextView+InputLimit.m */,
				1A8FE50520188BC70032D1D3 /* UITableView+SeparatorInsetEdge.h */,
				1A8FE50620188BC70032D1D3 /* NSString+Common.h */,
				1A8FE50720188BC70032D1D3 /* UILabel+CustomLabel.m */,
				1A8FE50820188BC70032D1D3 /* UIView+Border.m */,
				1A8FE50920188BC70032D1D3 /* UIButton+TouchAreaInsets.h */,
				1A8FE50A20188BC70032D1D3 /* UIScrollView+ScalableCover.m */,
				1A8FE50B20188BC70032D1D3 /* UIImage+ChangeTint.m */,
				1A8FE50C20188BC70032D1D3 /* UITextField+CustomTextField.m */,
				1A8FE50D20188BC70032D1D3 /* UITextField+InputLimit.m */,
				1A8FE50E20188BC70032D1D3 /* UITextView+Placeholder.m */,
				1A8FE50F20188BC70032D1D3 /* UIImage+ImageWithColor.h */,
				1A8FE51020188BC70032D1D3 /* UIView+Extension.h */,
				1A8FE51120188BC70032D1D3 /* UIViewController+Message.m */,
				1A8FE51220188BC70032D1D3 /* NSString+Common.m */,
				1A8FE51320188BC70032D1D3 /* UITextView+InputLimit.h */,
				1A8FE51420188BC70032D1D3 /* UITableView+SeparatorInsetEdge.m */,
				1A8FE51520188BC70032D1D3 /* UIButton+CustomButton.h */,
				1A8FE51620188BC70032D1D3 /* UIImage+ImageWithColor.m */,
				1A8FE51720188BC70032D1D3 /* UITextView+Placeholder.h */,
				1A8FE51820188BC70032D1D3 /* UITextField+InputLimit.h */,
				1A8FE51920188BC70032D1D3 /* UITextField+CustomTextField.h */,
				1A8FE51A20188BC70032D1D3 /* UIScrollView+ScalableCover.h */,
				1A8FE51B20188BC70032D1D3 /* UIImage+ChangeTint.h */,
				1A8FE51C20188BC70032D1D3 /* UIButton+TouchAreaInsets.m */,
				1A8FE51D20188BC70032D1D3 /* UIView+Border.h */,
				1A8FE51E20188BC70032D1D3 /* UILabel+CustomLabel.h */,
				1A8FE51F20188BC70032D1D3 /* UIViewController+Message.h */,
				1A8FE52020188BC70032D1D3 /* UIView+Extension.m */,
			);
			path = UICategory;
			sourceTree = "<group>";
		};
		1AE3A39B2019D284000D5F96 /* TabBar */ = {
			isa = PBXGroup;
			children = (
				1A8FE538201891AE0032D1D3 /* KMMArcView.h */,
				1A8FE539201891AE0032D1D3 /* KMMArcView.m */,
				1A8FE532201891430032D1D3 /* KMMTabBarController.h */,
				1A8FE533201891430032D1D3 /* KMMTabBarController.m */,
				1A8FE536201891630032D1D3 /* KMMTabBar.h */,
				1A8FE535201891630032D1D3 /* KMMTabBar.m */,
			);
			path = TabBar;
			sourceTree = SOURCE_ROOT;
		};
		206A61CC8BE3D8BB61F987DD /* Frameworks */ = {
			isa = PBXGroup;
			children = (
				5A7898AA940D35FA2F158DDD /* libPods-WCTTabBar.a */,
			);
			name = Frameworks;
			sourceTree = "<group>";
		};
		F311FCBDFED63EB987996936 /* Pods */ = {
			isa = PBXGroup;
			children = (
				A112C72184CEBF0AE52C0AF4 /* Pods-WCTTabBar.debug.xcconfig */,
				14FF3D5BD70A8574B8104123 /* Pods-WCTTabBar.release.xcconfig */,
			);
			name = Pods;
			sourceTree = "<group>";
		};
/* End PBXGroup section */

/* Begin PBXNativeTarget section */
		1A8FE4BC201877220032D1D3 /* WCTTabBar */ = {
			isa = PBXNativeTarget;
			buildConfigurationList = 1A8FE4E9201877220032D1D3 /* Build configuration list for PBXNativeTarget "WCTTabBar" */;
			buildPhases = (
				A5C40B0CEF750851959FA832 /* [CP] Check Pods Manifest.lock */,
				1A8FE4B9201877220032D1D3 /* Sources */,
				1A8FE4BA201877220032D1D3 /* Frameworks */,
				1A8FE4BB201877220032D1D3 /* Resources */,
				1C4C790E8F1920AB20648343 /* [CP] Embed Pods Frameworks */,
				2860D883E884CB52C3495815 /* [CP] Copy Pods Resources */,
			);
			buildRules = (
			);
			dependencies = (
			);
			name = WCTTabBar;
			productName = WCTTabBar;
			productReference = 1A8FE4BD201877220032D1D3 /* WCTTabBar.app */;
			productType = "com.apple.product-type.application";
		};
		1A8FE4D4201877220032D1D3 /* WCTTabBarTests */ = {
			isa = PBXNativeTarget;
			buildConfigurationList = 1A8FE4EC201877220032D1D3 /* Build configuration list for PBXNativeTarget "WCTTabBarTests" */;
			buildPhases = (
				1A8FE4D1201877220032D1D3 /* Sources */,
				1A8FE4D2201877220032D1D3 /* Frameworks */,
				1A8FE4D3201877220032D1D3 /* Resources */,
			);
			buildRules = (
			);
			dependencies = (
				1A8FE4D7201877220032D1D3 /* PBXTargetDependency */,
			);
			name = WCTTabBarTests;
			productName = WCTTabBarTests;
			productReference = 1A8FE4D5201877220032D1D3 /* WCTTabBarTests.xctest */;
			productType = "com.apple.product-type.bundle.unit-test";
		};
		1A8FE4DF201877220032D1D3 /* WCTTabBarUITests */ = {
			isa = PBXNativeTarget;
			buildConfigurationList = 1A8FE4EF201877220032D1D3 /* Build configuration list for PBXNativeTarget "WCTTabBarUITests" */;
			buildPhases = (
				1A8FE4DC201877220032D1D3 /* Sources */,
				1A8FE4DD201877220032D1D3 /* Frameworks */,
				1A8FE4DE201877220032D1D3 /* Resources */,
			);
			buildRules = (
			);
			dependencies = (
				1A8FE4E2201877220032D1D3 /* PBXTargetDependency */,
			);
			name = WCTTabBarUITests;
			productName = WCTTabBarUITests;
			productReference = 1A8FE4E0201877220032D1D3 /* WCTTabBarUITests.xctest */;
			productType = "com.apple.product-type.bundle.ui-testing";
		};
/* End PBXNativeTarget section */

/* Begin PBXProject section */
		1A8FE4B5201877220032D1D3 /* Project object */ = {
			isa = PBXProject;
			attributes = {
				LastUpgradeCheck = 0920;
				ORGANIZATIONNAME = wct;
				TargetAttributes = {
					1A8FE4BC201877220032D1D3 = {
						CreatedOnToolsVersion = 9.2;
						ProvisioningStyle = Automatic;
					};
					1A8FE4D4201877220032D1D3 = {
						CreatedOnToolsVersion = 9.2;
						ProvisioningStyle = Automatic;
						TestTargetID = 1A8FE4BC201877220032D1D3;
					};
					1A8FE4DF201877220032D1D3 = {
						CreatedOnToolsVersion = 9.2;
						ProvisioningStyle = Automatic;
						TestTargetID = 1A8FE4BC201877220032D1D3;
					};
				};
			};
			buildConfigurationList = 1A8FE4B8201877220032D1D3 /* Build configuration list for PBXProject "WCTTabBar" */;
			compatibilityVersion = "Xcode 8.0";
			developmentRegion = en;
			hasScannedForEncodings = 0;
			knownRegions = (
				en,
				Base,
			);
			mainGroup = 1A8FE4B4201877220032D1D3;
			productRefGroup = 1A8FE4BE201877220032D1D3 /* Products */;
			projectDirPath = "";
			projectRoot = "";
			targets = (
				1A8FE4BC201877220032D1D3 /* WCTTabBar */,
				1A8FE4D4201877220032D1D3 /* WCTTabBarTests */,
				1A8FE4DF201877220032D1D3 /* WCTTabBarUITests */,
			);
		};
/* End PBXProject section */

/* Begin PBXResourcesBuildPhase section */
		1A8FE4BB201877220032D1D3 /* Resources */ = {
			isa = PBXResourcesBuildPhase;
			buildActionMask = 2147483647;
			files = (
				1A8FE4CD201877220032D1D3 /* LaunchScreen.storyboard in Resources */,
				1A8FE4CA201877220032D1D3 /* Assets.xcassets in Resources */,
				1A8FE4C8201877220032D1D3 /* Main.storyboard in Resources */,
			);
			runOnlyForDeploymentPostprocessing = 0;
		};
		1A8FE4D3201877220032D1D3 /* Resources */ = {
			isa = PBXResourcesBuildPhase;
			buildActionMask = 2147483647;
			files = (
			);
			runOnlyForDeploymentPostprocessing = 0;
		};
		1A8FE4DE201877220032D1D3 /* Resources */ = {
			isa = PBXResourcesBuildPhase;
			buildActionMask = 2147483647;
			files = (
			);
			runOnlyForDeploymentPostprocessing = 0;
		};
/* End PBXResourcesBuildPhase section */

/* Begin PBXShellScriptBuildPhase section */
		1C4C790E8F1920AB20648343 /* [CP] Embed Pods Frameworks */ = {
			isa = PBXShellScriptBuildPhase;
			buildActionMask = 2147483647;
			files = (
			);
			inputPaths = (
			);
			name = "[CP] Embed Pods Frameworks";
			outputPaths = (
			);
			runOnlyForDeploymentPostprocessing = 0;
			shellPath = /bin/sh;
			shellScript = "\"${SRCROOT}/Pods/Target Support Files/Pods-WCTTabBar/Pods-WCTTabBar-frameworks.sh\"\n";
			showEnvVarsInLog = 0;
		};
		2860D883E884CB52C3495815 /* [CP] Copy Pods Resources */ = {
			isa = PBXShellScriptBuildPhase;
			buildActionMask = 2147483647;
			files = (
			);
			inputPaths = (
			);
			name = "[CP] Copy Pods Resources";
			outputPaths = (
			);
			runOnlyForDeploymentPostprocessing = 0;
			shellPath = /bin/sh;
			shellScript = "\"${SRCROOT}/Pods/Target Support Files/Pods-WCTTabBar/Pods-WCTTabBar-resources.sh\"\n";
			showEnvVarsInLog = 0;
		};
		A5C40B0CEF750851959FA832 /* [CP] Check Pods Manifest.lock */ = {
			isa = PBXShellScriptBuildPhase;
			buildActionMask = 2147483647;
			files = (
			);
			inputPaths = (
				"${PODS_PODFILE_DIR_PATH}/Podfile.lock",
				"${PODS_ROOT}/Manifest.lock",
			);
			name = "[CP] Check Pods Manifest.lock";
			outputPaths = (
				"$(DERIVED_FILE_DIR)/Pods-WCTTabBar-checkManifestLockResult.txt",
			);
			runOnlyForDeploymentPostprocessing = 0;
			shellPath = /bin/sh;
			shellScript = "diff \"${PODS_PODFILE_DIR_PATH}/Podfile.lock\" \"${PODS_ROOT}/Manifest.lock\" > /dev/null\nif [ $? != 0 ] ; then\n    # print error to STDERR\n    echo \"error: The sandbox is not in sync with the Podfile.lock. Run 'pod install' or update your CocoaPods installation.\" >&2\n    exit 1\nfi\n# This output is used by Xcode 'outputs' to avoid re-running this script phase.\necho \"SUCCESS\" > \"${SCRIPT_OUTPUT_FILE_0}\"\n";
			showEnvVarsInLog = 0;
		};
/* End PBXShellScriptBuildPhase section */

/* Begin PBXSourcesBuildPhase section */
		1A8FE4B9201877220032D1D3 /* Sources */ = {
			isa = PBXSourcesBuildPhase;
			buildActionMask = 2147483647;
			files = (
				1A8FE52C20188BC70032D1D3 /* UITableView+SeparatorInsetEdge.m in Sources */,
				1A8FE52520188BC70032D1D3 /* UIScrollView+ScalableCover.m in Sources */,
				1A8FE537201891630032D1D3 /* KMMTabBar.m in Sources */,
				1A8FE52B20188BC70032D1D3 /* NSString+Common.m in Sources */,
				1A8FE52420188BC70032D1D3 /* UIView+Border.m in Sources */,
				1AE3A3AA2019DA79000D5F96 /* KMMTempController.m in Sources */,
				1A8FE52220188BC70032D1D3 /* UITextView+InputLimit.m in Sources */,
				1AE3A3A42019D2C9000D5F96 /* ThirdViewController.m in Sources */,
				1AE3A3A72019DA68000D5F96 /* KMMHomeViewController.m in Sources */,
				1A8FE4C5201877220032D1D3 /* ViewController.m in Sources */,
				1AE3A39E2019D2B6000D5F96 /* FirstViewController.m in Sources */,
				1A8FE52820188BC70032D1D3 /* UITextField+InputLimit.m in Sources */,
				1A8FE52920188BC70032D1D3 /* UITextView+Placeholder.m in Sources */,
				1A8FE52E20188BC70032D1D3 /* UIButton+TouchAreaInsets.m in Sources */,
				1A8FE52120188BC70032D1D3 /* UIButton+CustomButton.m in Sources */,
				1A8FE4D0201877220032D1D3 /* main.m in Sources */,
				1A8FE52720188BC70032D1D3 /* UITextField+CustomTextField.m in Sources */,
				1A8FE5002018894B0032D1D3 /* CYTabBar.m in Sources */,
				1A8FE534201891430032D1D3 /* KMMTabBarController.m in Sources */,
				1A8FE52320188BC70032D1D3 /* UILabel+CustomLabel.m in Sources */,
				1A8FE4C2201877220032D1D3 /* AppDelegate.m in Sources */,
				1AE3A3A12019D2BF000D5F96 /* SecondViewController.m in Sources */,
				1A8FE52620188BC70032D1D3 /* UIImage+ChangeTint.m in Sources */,
				1A8FE52D20188BC70032D1D3 /* UIImage+ImageWithColor.m in Sources */,
				1AE3A3AD2019DAA5000D5F96 /* KMMeViewController.m in Sources */,
				1A8FE52A20188BC70032D1D3 /* UIViewController+Message.m in Sources */,
				1A8FE53A201891AE0032D1D3 /* KMMArcView.m in Sources */,
				1A8FE52F20188BC70032D1D3 /* UIView+Extension.m in Sources */,
				1A8FE5012018894B0032D1D3 /* CYButton.m in Sources */,
				1A8FE4FE2018894B0032D1D3 /* CYCenterButton.m in Sources */,
				1A8FE4FF2018894B0032D1D3 /* CYTabBarConfig.m in Sources */,
			);
			runOnlyForDeploymentPostprocessing = 0;
		};
		1A8FE4D1201877220032D1D3 /* Sources */ = {
			isa = PBXSourcesBuildPhase;
			buildActionMask = 2147483647;
			files = (
				1A8FE4DA201877220032D1D3 /* WCTTabBarTests.m in Sources */,
			);
			runOnlyForDeploymentPostprocessing = 0;
		};
		1A8FE4DC201877220032D1D3 /* Sources */ = {
			isa = PBXSourcesBuildPhase;
			buildActionMask = 2147483647;
			files = (
				1A8FE4E5201877220032D1D3 /* WCTTabBarUITests.m in Sources */,
			);
			runOnlyForDeploymentPostprocessing = 0;
		};
/* End PBXSourcesBuildPhase section */

/* Begin PBXTargetDependency section */
		1A8FE4D7201877220032D1D3 /* PBXTargetDependency */ = {
			isa = PBXTargetDependency;
			target = 1A8FE4BC201877220032D1D3 /* WCTTabBar */;
			targetProxy = 1A8FE4D6201877220032D1D3 /* PBXContainerItemProxy */;
		};
		1A8FE4E2201877220032D1D3 /* PBXTargetDependency */ = {
			isa = PBXTargetDependency;
			target = 1A8FE4BC201877220032D1D3 /* WCTTabBar */;
			targetProxy = 1A8FE4E1201877220032D1D3 /* PBXContainerItemProxy */;
		};
/* End PBXTargetDependency section */

/* Begin PBXVariantGroup section */
		1A8FE4C6201877220032D1D3 /* Main.storyboard */ = {
			isa = PBXVariantGroup;
			children = (
				1A8FE4C7201877220032D1D3 /* Base */,
			);
			name = Main.storyboard;
			sourceTree = "<group>";
		};
		1A8FE4CB201877220032D1D3 /* LaunchScreen.storyboard */ = {
			isa = PBXVariantGroup;
			children = (
				1A8FE4CC201877220032D1D3 /* Base */,
			);
			name = LaunchScreen.storyboard;
			sourceTree = "<group>";
		};
/* End PBXVariantGroup section */

/* Begin XCBuildConfiguration section */
		1A8FE4E7201877220032D1D3 /* Debug */ = {
			isa = XCBuildConfiguration;
			buildSettings = {
				ALWAYS_SEARCH_USER_PATHS = NO;
				CLANG_ANALYZER_NONNULL = YES;
				CLANG_ANALYZER_NUMBER_OBJECT_CONVERSION = YES_AGGRESSIVE;
				CLANG_CXX_LANGUAGE_STANDARD = "gnu++14";
				CLANG_CXX_LIBRARY = "libc++";
				CLANG_ENABLE_MODULES = YES;
				CLANG_ENABLE_OBJC_ARC = YES;
				CLANG_WARN_BLOCK_CAPTURE_AUTORELEASING = YES;
				CLANG_WARN_BOOL_CONVERSION = YES;
				CLANG_WARN_COMMA = YES;
				CLANG_WARN_CONSTANT_CONVERSION = YES;
				CLANG_WARN_DIRECT_OBJC_ISA_USAGE = YES_ERROR;
				CLANG_WARN_DOCUMENTATION_COMMENTS = YES;
				CLANG_WARN_EMPTY_BODY = YES;
				CLANG_WARN_ENUM_CONVERSION = YES;
				CLANG_WARN_INFINITE_RECURSION = YES;
				CLANG_WARN_INT_CONVERSION = YES;
				CLANG_WARN_NON_LITERAL_NULL_CONVERSION = YES;
				CLANG_WARN_OBJC_LITERAL_CONVERSION = YES;
				CLANG_WARN_OBJC_ROOT_CLASS = YES_ERROR;
				CLANG_WARN_RANGE_LOOP_ANALYSIS = YES;
				CLANG_WARN_STRICT_PROTOTYPES = YES;
				CLANG_WARN_SUSPICIOUS_MOVE = YES;
				CLANG_WARN_UNGUARDED_AVAILABILITY = YES_AGGRESSIVE;
				CLANG_WARN_UNREACHABLE_CODE = YES;
				CLANG_WARN__DUPLICATE_METHOD_MATCH = YES;
				CODE_SIGN_IDENTITY = "iPhone Developer";
				COPY_PHASE_STRIP = NO;
				DEBUG_INFORMATION_FORMAT = dwarf;
				ENABLE_STRICT_OBJC_MSGSEND = YES;
				ENABLE_TESTABILITY = YES;
				GCC_C_LANGUAGE_STANDARD = gnu11;
				GCC_DYNAMIC_NO_PIC = NO;
				GCC_NO_COMMON_BLOCKS = YES;
				GCC_OPTIMIZATION_LEVEL = 0;
				GCC_PRECOMPILE_PREFIX_HEADER = YES;
				GCC_PREFIX_HEADER = /Users/wct/Desktop/WCTTabBar/WCTTabBar/Main.pch;
				GCC_PREPROCESSOR_DEFINITIONS = (
					"DEBUG=1",
					"$(inherited)",
				);
				GCC_WARN_64_TO_32_BIT_CONVERSION = YES;
				GCC_WARN_ABOUT_RETURN_TYPE = YES_ERROR;
				GCC_WARN_UNDECLARED_SELECTOR = YES;
				GCC_WARN_UNINITIALIZED_AUTOS = YES_AGGRESSIVE;
				GCC_WARN_UNUSED_FUNCTION = YES;
				GCC_WARN_UNUSED_VARIABLE = YES;
				IPHONEOS_DEPLOYMENT_TARGET = 8.0;
				MTL_ENABLE_DEBUG_INFO = YES;
				ONLY_ACTIVE_ARCH = YES;
				SDKROOT = iphoneos;
			};
			name = Debug;
		};
		1A8FE4E8201877220032D1D3 /* Release */ = {
			isa = XCBuildConfiguration;
			buildSettings = {
				ALWAYS_SEARCH_USER_PATHS = NO;
				CLANG_ANALYZER_NONNULL = YES;
				CLANG_ANALYZER_NUMBER_OBJECT_CONVERSION = YES_AGGRESSIVE;
				CLANG_CXX_LANGUAGE_STANDARD = "gnu++14";
				CLANG_CXX_LIBRARY = "libc++";
				CLANG_ENABLE_MODULES = YES;
				CLANG_ENABLE_OBJC_ARC = YES;
				CLANG_WARN_BLOCK_CAPTURE_AUTORELEASING = YES;
				CLANG_WARN_BOOL_CONVERSION = YES;
				CLANG_WARN_COMMA = YES;
				CLANG_WARN_CONSTANT_CONVERSION = YES;
				CLANG_WARN_DIRECT_OBJC_ISA_USAGE = YES_ERROR;
				CLANG_WARN_DOCUMENTATION_COMMENTS = YES;
				CLANG_WARN_EMPTY_BODY = YES;
				CLANG_WARN_ENUM_CONVERSION = YES;
				CLANG_WARN_INFINITE_RECURSION = YES;
				CLANG_WARN_INT_CONVERSION = YES;
				CLANG_WARN_NON_LITERAL_NULL_CONVERSION = YES;
				CLANG_WARN_OBJC_LITERAL_CONVERSION = YES;
				CLANG_WARN_OBJC_ROOT_CLASS = YES_ERROR;
				CLANG_WARN_RANGE_LOOP_ANALYSIS = YES;
				CLANG_WARN_STRICT_PROTOTYPES = YES;
				CLANG_WARN_SUSPICIOUS_MOVE = YES;
				CLANG_WARN_UNGUARDED_AVAILABILITY = YES_AGGRESSIVE;
				CLANG_WARN_UNREACHABLE_CODE = YES;
				CLANG_WARN__DUPLICATE_METHOD_MATCH = YES;
				CODE_SIGN_IDENTITY = "iPhone Developer";
				COPY_PHASE_STRIP = NO;
				DEBUG_INFORMATION_FORMAT = "dwarf-with-dsym";
				ENABLE_NS_ASSERTIONS = NO;
				ENABLE_STRICT_OBJC_MSGSEND = YES;
				GCC_C_LANGUAGE_STANDARD = gnu11;
				GCC_NO_COMMON_BLOCKS = YES;
				GCC_PRECOMPILE_PREFIX_HEADER = YES;
				GCC_PREFIX_HEADER = /Users/wct/Desktop/WCTTabBar/WCTTabBar/Main.pch;
				GCC_WARN_64_TO_32_BIT_CONVERSION = YES;
				GCC_WARN_ABOUT_RETURN_TYPE = YES_ERROR;
				GCC_WARN_UNDECLARED_SELECTOR = YES;
				GCC_WARN_UNINITIALIZED_AUTOS = YES_AGGRESSIVE;
				GCC_WARN_UNUSED_FUNCTION = YES;
				GCC_WARN_UNUSED_VARIABLE = YES;
				IPHONEOS_DEPLOYMENT_TARGET = 8.0;
				MTL_ENABLE_DEBUG_INFO = NO;
				SDKROOT = iphoneos;
				VALIDATE_PRODUCT = YES;
			};
			name = Release;
		};
		1A8FE4EA201877220032D1D3 /* Debug */ = {
			isa = XCBuildConfiguration;
			baseConfigurationReference = A112C72184CEBF0AE52C0AF4 /* Pods-WCTTabBar.debug.xcconfig */;
			buildSettings = {
				ASSETCATALOG_COMPILER_APPICON_NAME = AppIcon;
				CODE_SIGN_STYLE = Automatic;
				GCC_PRECOMPILE_PREFIX_HEADER = YES;
				GCC_PREFIX_HEADER = /Users/wct/Desktop/WCTTabBar/WCTTabBar/Main.pch;
				INFOPLIST_FILE = WCTTabBar/Info.plist;
				LD_RUNPATH_SEARCH_PATHS = "$(inherited) @executable_path/Frameworks";
				PRODUCT_BUNDLE_IDENTIFIER = KM.WCTTabBar;
				PRODUCT_NAME = "$(TARGET_NAME)";
				TARGETED_DEVICE_FAMILY = "1,2";
				USER_HEADER_SEARCH_PATHS = "$(PODS_ROOT)/**";
			};
			name = Debug;
		};
		1A8FE4EB201877220032D1D3 /* Release */ = {
			isa = XCBuildConfiguration;
			baseConfigurationReference = 14FF3D5BD70A8574B8104123 /* Pods-WCTTabBar.release.xcconfig */;
			buildSettings = {
				ASSETCATALOG_COMPILER_APPICON_NAME = AppIcon;
				CODE_SIGN_STYLE = Automatic;
				GCC_PRECOMPILE_PREFIX_HEADER = YES;
				GCC_PREFIX_HEADER = /Users/wct/Desktop/WCTTabBar/WCTTabBar/Main.pch;
				INFOPLIST_FILE = WCTTabBar/Info.plist;
				LD_RUNPATH_SEARCH_PATHS = "$(inherited) @executable_path/Frameworks";
				PRODUCT_BUNDLE_IDENTIFIER = KM.WCTTabBar;
				PRODUCT_NAME = "$(TARGET_NAME)";
				TARGETED_DEVICE_FAMILY = "1,2";
				USER_HEADER_SEARCH_PATHS = "$(PODS_ROOT)/**";
			};
			name = Release;
		};
		1A8FE4ED201877220032D1D3 /* Debug */ = {
			isa = XCBuildConfiguration;
			buildSettings = {
				BUNDLE_LOADER = "$(TEST_HOST)";
				CODE_SIGN_STYLE = Automatic;
				INFOPLIST_FILE = WCTTabBarTests/Info.plist;
				LD_RUNPATH_SEARCH_PATHS = "$(inherited) @executable_path/Frameworks @loader_path/Frameworks";
				PRODUCT_BUNDLE_IDENTIFIER = KM.WCTTabBarTests;
				PRODUCT_NAME = "$(TARGET_NAME)";
				TARGETED_DEVICE_FAMILY = "1,2";
				TEST_HOST = "$(BUILT_PRODUCTS_DIR)/WCTTabBar.app/WCTTabBar";
			};
			name = Debug;
		};
		1A8FE4EE201877220032D1D3 /* Release */ = {
			isa = XCBuildConfiguration;
			buildSettings = {
				BUNDLE_LOADER = "$(TEST_HOST)";
				CODE_SIGN_STYLE = Automatic;
				INFOPLIST_FILE = WCTTabBarTests/Info.plist;
				LD_RUNPATH_SEARCH_PATHS = "$(inherited) @executable_path/Frameworks @loader_path/Frameworks";
				PRODUCT_BUNDLE_IDENTIFIER = KM.WCTTabBarTests;
				PRODUCT_NAME = "$(TARGET_NAME)";
				TARGETED_DEVICE_FAMILY = "1,2";
				TEST_HOST = "$(BUILT_PRODUCTS_DIR)/WCTTabBar.app/WCTTabBar";
			};
			name = Release;
		};
		1A8FE4F0201877220032D1D3 /* Debug */ = {
			isa = XCBuildConfiguration;
			buildSettings = {
				CODE_SIGN_STYLE = Automatic;
				INFOPLIST_FILE = WCTTabBarUITests/Info.plist;
				LD_RUNPATH_SEARCH_PATHS = "$(inherited) @executable_path/Frameworks @loader_path/Frameworks";
				PRODUCT_BUNDLE_IDENTIFIER = KM.WCTTabBarUITests;
				PRODUCT_NAME = "$(TARGET_NAME)";
				TARGETED_DEVICE_FAMILY = "1,2";
				TEST_TARGET_NAME = WCTTabBar;
			};
			name = Debug;
		};
		1A8FE4F1201877220032D1D3 /* Release */ = {
			isa = XCBuildConfiguration;
			buildSettings = {
				CODE_SIGN_STYLE = Automatic;
				INFOPLIST_FILE = WCTTabBarUITests/Info.plist;
				LD_RUNPATH_SEARCH_PATHS = "$(inherited) @executable_path/Frameworks @loader_path/Frameworks";
				PRODUCT_BUNDLE_IDENTIFIER = KM.WCTTabBarUITests;
				PRODUCT_NAME = "$(TARGET_NAME)";
				TARGETED_DEVICE_FAMILY = "1,2";
				TEST_TARGET_NAME = WCTTabBar;
			};
			name = Release;
		};
/* End XCBuildConfiguration section */

/* Begin XCConfigurationList section */
		1A8FE4B8201877220032D1D3 /* Build configuration list for PBXProject "WCTTabBar" */ = {
			isa = XCConfigurationList;
			buildConfigurations = (
				1A8FE4E7201877220032D1D3 /* Debug */,
				1A8FE4E8201877220032D1D3 /* Release */,
			);
			defaultConfigurationIsVisible = 0;
			defaultConfigurationName = Release;
		};
		1A8FE4E9201877220032D1D3 /* Build configuration list for PBXNativeTarget "WCTTabBar" */ = {
			isa = XCConfigurationList;
			buildConfigurations = (
				1A8FE4EA201877220032D1D3 /* Debug */,
				1A8FE4EB201877220032D1D3 /* Release */,
			);
			defaultConfigurationIsVisible = 0;
			defaultConfigurationName = Release;
		};
		1A8FE4EC201877220032D1D3 /* Build configuration list for PBXNativeTarget "WCTTabBarTests" */ = {
			isa = XCConfigurationList;
			buildConfigurations = (
				1A8FE4ED201877220032D1D3 /* Debug */,
				1A8FE4EE201877220032D1D3 /* Release */,
			);
			defaultConfigurationIsVisible = 0;
			defaultConfigurationName = Release;
		};
		1A8FE4EF201877220032D1D3 /* Build configuration list for PBXNativeTarget "WCTTabBarUITests" */ = {
			isa = XCConfigurationList;
			buildConfigurations = (
				1A8FE4F0201877220032D1D3 /* Debug */,
				1A8FE4F1201877220032D1D3 /* Release */,
			);
			defaultConfigurationIsVisible = 0;
			defaultConfigurationName = Release;
		};
/* End XCConfigurationList section */
	};
	rootObject = 1A8FE4B5201877220032D1D3 /* Project object */;
}
